
Microsoft Visual Studio Solution File, Format Version 12.00
# Visual Studio Version 17
VisualStudioVersion = 17.1.32414.318
MinimumVisualStudioVersion = 10.0.40219.1
Project("{FAE04EC0-301F-11D3-BF4B-00C04F79EFBC}") = "mediaplayer", "mediaplayer.csproj", "{B817CCAC-0502-4E06-94BA-DDCF994DA312}"
EndProject
Global
	GlobalSection(SolutionConfigurationPlatforms) = preSolution
		Debug|Any CPU = Debug|Any CPU
		Release|Any CPU = Release|Any CPU
	EndGlobalSection
	GlobalSection(ProjectConfigurationPlatforms) = postSolution
		{B817CCAC-0502-4E06-94BA-DDCF994DA312}.Debug|Any CPU.ActiveCfg = Debug|Any CPU
		{B817CCAC-0502-4E06-94BA-DDCF994DA312}.Debug|Any CPU.Build.0 = Debug|Any CPU
		{B817CCAC-0502-4E06-94BA-DDCF994DA312}.Release|Any CPU.ActiveCfg = Release|Any CPU
		{B817CCAC-0502-4E06-94BA-DDCF994DA312}.Release|Any CPU.Build.0 = Release|Any CPU
	EndGlobalSection
	GlobalSection(SolutionProperties) = preSolution
		HideSolutionNode = FALSE
	EndGlobalSection
	GlobalSection(ExtensibilityGlobals) = postSolution
		SolutionGuid = {E79167BA-4B14-43BC-9453-8931FE65D724}
	EndGlobalSection
EndGlobal
